%{"cowboy": {:hex, :cowboy, "1.0.4"},
  "cowlib": {:hex, :cowlib, "1.0.2"},
  "facebook_messenger": {:hex, :facebook_messenger, "0.2.0"},
  "httpotion": {:hex, :httpotion, "2.2.2"},
  "ibrowse": {:hex, :ibrowse, "4.2.2"},
  "phoenix": {:hex, :phoenix, "1.1.4"},
  "phoenix_facebook_messenger": {:hex, :phoenix_facebook_messenger, "0.1.0"},
  "plug": {:hex, :plug, "1.1.3"},
  "poison": {:hex, :poison, "2.1.0"},
  "ranch": {:hex, :ranch, "1.2.1"}}
